// !$*UTF8*$!
{
	archiveVersion = 1;
	classes = {
	};
	objectVersion = 50;
	objects = {

/* Begin PBXBuildFile section */
		25C2B3B323D7588C00397E52 /* ExerciseSetModel.swift in Sources */ = {isa = PBXBuildFile; fileRef = 25C2B3B223D7588C00397E52 /* ExerciseSetModel.swift */; };
		E850015423BA959D004C9A9D /* ExerciseViewController.storyboard in Resources */ = {isa = PBXBuildFile; fileRef = E850015323BA959D004C9A9D /* ExerciseViewController.storyboard */; };
		E85B5C2223A7190C00FCC58A /* AppDelegate.swift in Sources */ = {isa = PBXBuildFile; fileRef = E85B5C2123A7190C00FCC58A /* AppDelegate.swift */; };
		E85B5C2423A7190C00FCC58A /* SceneDelegate.swift in Sources */ = {isa = PBXBuildFile; fileRef = E85B5C2323A7190C00FCC58A /* SceneDelegate.swift */; };
		E85B5C2B23A7190D00FCC58A /* Assets.xcassets in Resources */ = {isa = PBXBuildFile; fileRef = E85B5C2A23A7190D00FCC58A /* Assets.xcassets */; };
		E85B5C2E23A7190D00FCC58A /* LaunchScreen.storyboard in Resources */ = {isa = PBXBuildFile; fileRef = E85B5C2C23A7190D00FCC58A /* LaunchScreen.storyboard */; };
		E85B5C3923A7190D00FCC58A /* WorkoutPlannerAppTests.swift in Sources */ = {isa = PBXBuildFile; fileRef = E85B5C3823A7190D00FCC58A /* WorkoutPlannerAppTests.swift */; };
		E85B5C4423A7190D00FCC58A /* WorkoutPlannerAppUITests.swift in Sources */ = {isa = PBXBuildFile; fileRef = E85B5C4323A7190D00FCC58A /* WorkoutPlannerAppUITests.swift */; };
		E85B5C5623A7F8C900FCC58A /* WorkoutModel.swift in Sources */ = {isa = PBXBuildFile; fileRef = E85B5C5523A7F8C900FCC58A /* WorkoutModel.swift */; };
		E85B5C5823A7F9A800FCC58A /* WorkoutFunctions.swift in Sources */ = {isa = PBXBuildFile; fileRef = E85B5C5723A7F9A800FCC58A /* WorkoutFunctions.swift */; };
		E85B5C5A23A7FFC900FCC58A /* WorkoutData.swift in Sources */ = {isa = PBXBuildFile; fileRef = E85B5C5923A7FFC900FCC58A /* WorkoutData.swift */; };
		E85B5C5E23A928D300FCC58A /* WorkoutViewController.storyboard in Resources */ = {isa = PBXBuildFile; fileRef = E85B5C5D23A928D300FCC58A /* WorkoutViewController.storyboard */; };
		E85B5C6023A9291800FCC58A /* WorkoutViewController.swift in Sources */ = {isa = PBXBuildFile; fileRef = E85B5C5F23A9291800FCC58A /* WorkoutViewController.swift */; };
		E8B15D0A23C69E5A000195E1 /* WorkoutCoreDataModel.xcdatamodeld in Sources */ = {isa = PBXBuildFile; fileRef = E8B15D0823C69E5A000195E1 /* WorkoutCoreDataModel.xcdatamodeld */; };
		E8BFB73D23AA655C008B4E88 /* WorkoutTableViewCell.swift in Sources */ = {isa = PBXBuildFile; fileRef = E8BFB73C23AA655C008B4E88 /* WorkoutTableViewCell.swift */; };
		E8BFB74123AAAF68008B4E88 /* ExerciseModel.swift in Sources */ = {isa = PBXBuildFile; fileRef = E8BFB74023AAAF68008B4E88 /* ExerciseModel.swift */; };
		E8BFB74523AABAEF008B4E88 /* ExerciseFunctions.swift in Sources */ = {isa = PBXBuildFile; fileRef = E8BFB74423AABAEF008B4E88 /* ExerciseFunctions.swift */; };
		E8BFB74823B52BD4008B4E88 /* UIViewExtensions.swift in Sources */ = {isa = PBXBuildFile; fileRef = E8BFB74723B52BD4008B4E88 /* UIViewExtensions.swift */; };
		E8BFB74B23B53F30008B4E88 /* Theme.swift in Sources */ = {isa = PBXBuildFile; fileRef = E8BFB74A23B53F30008B4E88 /* Theme.swift */; };
		E8BFB75323B54734008B4E88 /* Cochin.ttc in Resources */ = {isa = PBXBuildFile; fileRef = E8BFB75223B54734008B4E88 /* Cochin.ttc */; };
		E8BFB75523B547DF008B4E88 /* SF-Pro-Rounded-Medium.otf in Resources */ = {isa = PBXBuildFile; fileRef = E8BFB75423B5476F008B4E88 /* SF-Pro-Rounded-Medium.otf */; };
		E8BFB75B23B83D09008B4E88 /* Colors.xcassets in Resources */ = {isa = PBXBuildFile; fileRef = E8BFB75A23B83D09008B4E88 /* Colors.xcassets */; };
		E8BFB75F23B97644008B4E88 /* UIButtonExtension.swift in Sources */ = {isa = PBXBuildFile; fileRef = E8BFB75E23B97644008B4E88 /* UIButtonExtension.swift */; };
		E8BFB76423B97E74008B4E88 /* AddWorkoutViewController.swift in Sources */ = {isa = PBXBuildFile; fileRef = E8BFB76323B97E74008B4E88 /* AddWorkoutViewController.swift */; };
		E8BFB76623B9A458008B4E88 /* AddWorkoutViewController.storyboard in Resources */ = {isa = PBXBuildFile; fileRef = E8BFB76523B9A458008B4E88 /* AddWorkoutViewController.storyboard */; };
		E8BFB76E23BA7938008B4E88 /* ExerciseViewController.swift in Sources */ = {isa = PBXBuildFile; fileRef = E8BFB76D23BA7938008B4E88 /* ExerciseViewController.swift */; };
		E8FB71B523C1ADBF006FC404 /* ExerciseTableViewCell.swift in Sources */ = {isa = PBXBuildFile; fileRef = E8FB71B423C1ADBF006FC404 /* ExerciseTableViewCell.swift */; };
/* End PBXBuildFile section */

/* Begin PBXContainerItemProxy section */
		E85B5C3523A7190D00FCC58A /* PBXContainerItemProxy */ = {
			isa = PBXContainerItemProxy;
			containerPortal = E85B5C1623A7190C00FCC58A /* Project object */;
			proxyType = 1;
			remoteGlobalIDString = E85B5C1D23A7190C00FCC58A;
			remoteInfo = WorkoutPlannerApp;
		};
		E85B5C4023A7190D00FCC58A /* PBXContainerItemProxy */ = {
			isa = PBXContainerItemProxy;
			containerPortal = E85B5C1623A7190C00FCC58A /* Project object */;
			proxyType = 1;
			remoteGlobalIDString = E85B5C1D23A7190C00FCC58A;
			remoteInfo = WorkoutPlannerApp;
		};
/* End PBXContainerItemProxy section */

/* Begin PBXFileReference section */
		25C2B3B223D7588C00397E52 /* ExerciseSetModel.swift */ = {isa = PBXFileReference; lastKnownFileType = sourcecode.swift; path = ExerciseSetModel.swift; sourceTree = "<group>"; };
		E850015323BA959D004C9A9D /* ExerciseViewController.storyboard */ = {isa = PBXFileReference; lastKnownFileType = file.storyboard; path = ExerciseViewController.storyboard; sourceTree = "<group>"; };
		E85B5C1E23A7190C00FCC58A /* WorkoutPlannerApp.app */ = {isa = PBXFileReference; explicitFileType = wrapper.application; includeInIndex = 0; path = WorkoutPlannerApp.app; sourceTree = BUILT_PRODUCTS_DIR; };
		E85B5C2123A7190C00FCC58A /* AppDelegate.swift */ = {isa = PBXFileReference; lastKnownFileType = sourcecode.swift; path = AppDelegate.swift; sourceTree = "<group>"; };
		E85B5C2323A7190C00FCC58A /* SceneDelegate.swift */ = {isa = PBXFileReference; lastKnownFileType = sourcecode.swift; path = SceneDelegate.swift; sourceTree = "<group>"; };
		E85B5C2A23A7190D00FCC58A /* Assets.xcassets */ = {isa = PBXFileReference; lastKnownFileType = folder.assetcatalog; path = Assets.xcassets; sourceTree = "<group>"; };
		E85B5C2D23A7190D00FCC58A /* Base */ = {isa = PBXFileReference; lastKnownFileType = file.storyboard; name = Base; path = Base.lproj/LaunchScreen.storyboard; sourceTree = "<group>"; };
		E85B5C2F23A7190D00FCC58A /* Info.plist */ = {isa = PBXFileReference; lastKnownFileType = text.plist.xml; path = Info.plist; sourceTree = "<group>"; };
		E85B5C3423A7190D00FCC58A /* WorkoutPlannerAppTests.xctest */ = {isa = PBXFileReference; explicitFileType = wrapper.cfbundle; includeInIndex = 0; path = WorkoutPlannerAppTests.xctest; sourceTree = BUILT_PRODUCTS_DIR; };
		E85B5C3823A7190D00FCC58A /* WorkoutPlannerAppTests.swift */ = {isa = PBXFileReference; lastKnownFileType = sourcecode.swift; path = WorkoutPlannerAppTests.swift; sourceTree = "<group>"; };
		E85B5C3A23A7190D00FCC58A /* Info.plist */ = {isa = PBXFileReference; lastKnownFileType = text.plist.xml; path = Info.plist; sourceTree = "<group>"; };
		E85B5C3F23A7190D00FCC58A /* WorkoutPlannerAppUITests.xctest */ = {isa = PBXFileReference; explicitFileType = wrapper.cfbundle; includeInIndex = 0; path = WorkoutPlannerAppUITests.xctest; sourceTree = BUILT_PRODUCTS_DIR; };
		E85B5C4323A7190D00FCC58A /* WorkoutPlannerAppUITests.swift */ = {isa = PBXFileReference; lastKnownFileType = sourcecode.swift; path = WorkoutPlannerAppUITests.swift; sourceTree = "<group>"; };
		E85B5C4523A7190D00FCC58A /* Info.plist */ = {isa = PBXFileReference; lastKnownFileType = text.plist.xml; path = Info.plist; sourceTree = "<group>"; };
		E85B5C5523A7F8C900FCC58A /* WorkoutModel.swift */ = {isa = PBXFileReference; lastKnownFileType = sourcecode.swift; path = WorkoutModel.swift; sourceTree = "<group>"; };
		E85B5C5723A7F9A800FCC58A /* WorkoutFunctions.swift */ = {isa = PBXFileReference; lastKnownFileType = sourcecode.swift; path = WorkoutFunctions.swift; sourceTree = "<group>"; };
		E85B5C5923A7FFC900FCC58A /* WorkoutData.swift */ = {isa = PBXFileReference; lastKnownFileType = sourcecode.swift; path = WorkoutData.swift; sourceTree = "<group>"; };
		E85B5C5D23A928D300FCC58A /* WorkoutViewController.storyboard */ = {isa = PBXFileReference; lastKnownFileType = file.storyboard; path = WorkoutViewController.storyboard; sourceTree = "<group>"; };
		E85B5C5F23A9291800FCC58A /* WorkoutViewController.swift */ = {isa = PBXFileReference; lastKnownFileType = sourcecode.swift; path = WorkoutViewController.swift; sourceTree = "<group>"; };
		E8B15D0923C69E5A000195E1 /* WorkoutCoreDataModel.xcdatamodel */ = {isa = PBXFileReference; lastKnownFileType = wrapper.xcdatamodel; path = WorkoutCoreDataModel.xcdatamodel; sourceTree = "<group>"; };
		E8BFB73C23AA655C008B4E88 /* WorkoutTableViewCell.swift */ = {isa = PBXFileReference; lastKnownFileType = sourcecode.swift; path = WorkoutTableViewCell.swift; sourceTree = "<group>"; };
		E8BFB74023AAAF68008B4E88 /* ExerciseModel.swift */ = {isa = PBXFileReference; lastKnownFileType = sourcecode.swift; path = ExerciseModel.swift; sourceTree = "<group>"; };
		E8BFB74423AABAEF008B4E88 /* ExerciseFunctions.swift */ = {isa = PBXFileReference; lastKnownFileType = sourcecode.swift; path = ExerciseFunctions.swift; sourceTree = "<group>"; };
		E8BFB74723B52BD4008B4E88 /* UIViewExtensions.swift */ = {isa = PBXFileReference; lastKnownFileType = sourcecode.swift; path = UIViewExtensions.swift; sourceTree = "<group>"; };
		E8BFB74A23B53F30008B4E88 /* Theme.swift */ = {isa = PBXFileReference; lastKnownFileType = sourcecode.swift; path = Theme.swift; sourceTree = "<group>"; };
		E8BFB75223B54734008B4E88 /* Cochin.ttc */ = {isa = PBXFileReference; lastKnownFileType = file; path = Cochin.ttc; sourceTree = "<group>"; };
		E8BFB75423B5476F008B4E88 /* SF-Pro-Rounded-Medium.otf */ = {isa = PBXFileReference; lastKnownFileType = file; name = "SF-Pro-Rounded-Medium.otf"; path = "../../../../../../../Library/Fonts/SF-Pro-Rounded-Medium.otf"; sourceTree = "<group>"; };
		E8BFB75A23B83D09008B4E88 /* Colors.xcassets */ = {isa = PBXFileReference; lastKnownFileType = folder.assetcatalog; path = Colors.xcassets; sourceTree = "<group>"; };
		E8BFB75E23B97644008B4E88 /* UIButtonExtension.swift */ = {isa = PBXFileReference; lastKnownFileType = sourcecode.swift; path = UIButtonExtension.swift; sourceTree = "<group>"; };
		E8BFB76323B97E74008B4E88 /* AddWorkoutViewController.swift */ = {isa = PBXFileReference; lastKnownFileType = sourcecode.swift; path = AddWorkoutViewController.swift; sourceTree = "<group>"; };
		E8BFB76523B9A458008B4E88 /* AddWorkoutViewController.storyboard */ = {isa = PBXFileReference; fileEncoding = 4; lastKnownFileType = file.storyboard; name = AddWorkoutViewController.storyboard; path = WorkoutPlannerApp/Views/AddWorkoutViewController/AddWorkoutViewController.storyboard; sourceTree = SOURCE_ROOT; };
		E8BFB76D23BA7938008B4E88 /* ExerciseViewController.swift */ = {isa = PBXFileReference; lastKnownFileType = sourcecode.swift; path = ExerciseViewController.swift; sourceTree = "<group>"; };
		E8FB71B423C1ADBF006FC404 /* ExerciseTableViewCell.swift */ = {isa = PBXFileReference; lastKnownFileType = sourcecode.swift; path = ExerciseTableViewCell.swift; sourceTree = "<group>"; };
/* End PBXFileReference section */

/* Begin PBXFrameworksBuildPhase section */
		E85B5C1B23A7190C00FCC58A /* Frameworks */ = {
			isa = PBXFrameworksBuildPhase;
			buildActionMask = 2147483647;
			files = (
			);
			runOnlyForDeploymentPostprocessing = 0;
		};
		E85B5C3123A7190D00FCC58A /* Frameworks */ = {
			isa = PBXFrameworksBuildPhase;
			buildActionMask = 2147483647;
			files = (
			);
			runOnlyForDeploymentPostprocessing = 0;
		};
		E85B5C3C23A7190D00FCC58A /* Frameworks */ = {
			isa = PBXFrameworksBuildPhase;
			buildActionMask = 2147483647;
			files = (
			);
			runOnlyForDeploymentPostprocessing = 0;
		};
/* End PBXFrameworksBuildPhase section */

/* Begin PBXGroup section */
		E85B5C1523A7190C00FCC58A = {
			isa = PBXGroup;
			children = (
				E85B5C2023A7190C00FCC58A /* WorkoutPlannerApp */,
				E85B5C3723A7190D00FCC58A /* WorkoutPlannerAppTests */,
				E85B5C4223A7190D00FCC58A /* WorkoutPlannerAppUITests */,
				E85B5C1F23A7190C00FCC58A /* Products */,
			);
			sourceTree = "<group>";
		};
		E85B5C1F23A7190C00FCC58A /* Products */ = {
			isa = PBXGroup;
			children = (
				E85B5C1E23A7190C00FCC58A /* WorkoutPlannerApp.app */,
				E85B5C3423A7190D00FCC58A /* WorkoutPlannerAppTests.xctest */,
				E85B5C3F23A7190D00FCC58A /* WorkoutPlannerAppUITests.xctest */,
			);
			name = Products;
			sourceTree = "<group>";
		};
		E85B5C2023A7190C00FCC58A /* WorkoutPlannerApp */ = {
			isa = PBXGroup;
			children = (
				E8BFB74923B53F24008B4E88 /* Resources */,
				E8BFB74623B52BB4008B4E88 /* Extensions */,
				E85B5C5B23A9289200FCC58A /* Views */,
				E85B5C5123A7F86B00FCC58A /* Model */,
				E85B5C2123A7190C00FCC58A /* AppDelegate.swift */,
				E85B5C2323A7190C00FCC58A /* SceneDelegate.swift */,
				E85B5C2A23A7190D00FCC58A /* Assets.xcassets */,
				E85B5C2C23A7190D00FCC58A /* LaunchScreen.storyboard */,
				E85B5C2F23A7190D00FCC58A /* Info.plist */,
				E8B15D0823C69E5A000195E1 /* WorkoutCoreDataModel.xcdatamodeld */,
			);
			path = WorkoutPlannerApp;
			sourceTree = "<group>";
		};
		E85B5C3723A7190D00FCC58A /* WorkoutPlannerAppTests */ = {
			isa = PBXGroup;
			children = (
				E85B5C3823A7190D00FCC58A /* WorkoutPlannerAppTests.swift */,
				E85B5C3A23A7190D00FCC58A /* Info.plist */,
			);
			path = WorkoutPlannerAppTests;
			sourceTree = "<group>";
		};
		E85B5C4223A7190D00FCC58A /* WorkoutPlannerAppUITests */ = {
			isa = PBXGroup;
			children = (
				E85B5C4323A7190D00FCC58A /* WorkoutPlannerAppUITests.swift */,
				E85B5C4523A7190D00FCC58A /* Info.plist */,
			);
			path = WorkoutPlannerAppUITests;
			sourceTree = "<group>";
		};
		E85B5C5123A7F86B00FCC58A /* Model */ = {
			isa = PBXGroup;
			children = (
				E85B5C5923A7FFC900FCC58A /* WorkoutData.swift */,
				E8BFB73F23AAAF58008B4E88 /* Exercise */,
				E85B5C5223A7F87600FCC58A /* Workout */,
			);
			path = Model;
			sourceTree = "<group>";
		};
		E85B5C5223A7F87600FCC58A /* Workout */ = {
			isa = PBXGroup;
			children = (
				E85B5C5523A7F8C900FCC58A /* WorkoutModel.swift */,
				E85B5C5723A7F9A800FCC58A /* WorkoutFunctions.swift */,
			);
			path = Workout;
			sourceTree = "<group>";
		};
		E85B5C5B23A9289200FCC58A /* Views */ = {
			isa = PBXGroup;
			children = (
				E8BFB76223B97E4A008B4E88 /* AddWorkoutViewController */,
				E8BFB73E23AAAECC008B4E88 /* ExerciseViewController */,
				E85B5C5C23A9289F00FCC58A /* WorkoutViewController */,
			);
			path = Views;
			sourceTree = "<group>";
		};
		E85B5C5C23A9289F00FCC58A /* WorkoutViewController */ = {
			isa = PBXGroup;
			children = (
				E85B5C5D23A928D300FCC58A /* WorkoutViewController.storyboard */,
				E85B5C5F23A9291800FCC58A /* WorkoutViewController.swift */,
				E8BFB73C23AA655C008B4E88 /* WorkoutTableViewCell.swift */,
			);
			path = WorkoutViewController;
			sourceTree = "<group>";
		};
		E8BFB73E23AAAECC008B4E88 /* ExerciseViewController */ = {
			isa = PBXGroup;
			children = (
				E850015323BA959D004C9A9D /* ExerciseViewController.storyboard */,
				E8BFB76D23BA7938008B4E88 /* ExerciseViewController.swift */,
				E8FB71B423C1ADBF006FC404 /* ExerciseTableViewCell.swift */,
			);
			path = ExerciseViewController;
			sourceTree = "<group>";
		};
		E8BFB73F23AAAF58008B4E88 /* Exercise */ = {
			isa = PBXGroup;
			children = (
				E8BFB74023AAAF68008B4E88 /* ExerciseModel.swift */,
				25C2B3B223D7588C00397E52 /* ExerciseSetModel.swift */,
				E8BFB74423AABAEF008B4E88 /* ExerciseFunctions.swift */,
			);
			path = Exercise;
			sourceTree = "<group>";
		};
		E8BFB74623B52BB4008B4E88 /* Extensions */ = {
			isa = PBXGroup;
			children = (
				E8BFB74723B52BD4008B4E88 /* UIViewExtensions.swift */,
				E8BFB75E23B97644008B4E88 /* UIButtonExtension.swift */,
			);
			path = Extensions;
			sourceTree = "<group>";
		};
		E8BFB74923B53F24008B4E88 /* Resources */ = {
			isa = PBXGroup;
			children = (
				E8BFB75223B54734008B4E88 /* Cochin.ttc */,
				E8BFB75423B5476F008B4E88 /* SF-Pro-Rounded-Medium.otf */,
				E8BFB74A23B53F30008B4E88 /* Theme.swift */,
				E8BFB75A23B83D09008B4E88 /* Colors.xcassets */,
			);
			path = Resources;
			sourceTree = "<group>";
		};
		E8BFB76223B97E4A008B4E88 /* AddWorkoutViewController */ = {
			isa = PBXGroup;
			children = (
				E8BFB76523B9A458008B4E88 /* AddWorkoutViewController.storyboard */,
				E8BFB76323B97E74008B4E88 /* AddWorkoutViewController.swift */,
			);
			path = AddWorkoutViewController;
			sourceTree = "<group>";
		};
/* End PBXGroup section */

/* Begin PBXNativeTarget section */
		E85B5C1D23A7190C00FCC58A /* WorkoutPlannerApp */ = {
			isa = PBXNativeTarget;
			buildConfigurationList = E85B5C4823A7190D00FCC58A /* Build configuration list for PBXNativeTarget "WorkoutPlannerApp" */;
			buildPhases = (
				E85B5C1A23A7190C00FCC58A /* Sources */,
				E85B5C1B23A7190C00FCC58A /* Frameworks */,
				E85B5C1C23A7190C00FCC58A /* Resources */,
			);
			buildRules = (
			);
			dependencies = (
			);
			name = WorkoutPlannerApp;
			productName = WorkoutPlannerApp;
			productReference = E85B5C1E23A7190C00FCC58A /* WorkoutPlannerApp.app */;
			productType = "com.apple.product-type.application";
		};
		E85B5C3323A7190D00FCC58A /* WorkoutPlannerAppTests */ = {
			isa = PBXNativeTarget;
			buildConfigurationList = E85B5C4B23A7190D00FCC58A /* Build configuration list for PBXNativeTarget "WorkoutPlannerAppTests" */;
			buildPhases = (
				E85B5C3023A7190D00FCC58A /* Sources */,
				E85B5C3123A7190D00FCC58A /* Frameworks */,
				E85B5C3223A7190D00FCC58A /* Resources */,
			);
			buildRules = (
			);
			dependencies = (
				E85B5C3623A7190D00FCC58A /* PBXTargetDependency */,
			);
			name = WorkoutPlannerAppTests;
			productName = WorkoutPlannerAppTests;
			productReference = E85B5C3423A7190D00FCC58A /* WorkoutPlannerAppTests.xctest */;
			productType = "com.apple.product-type.bundle.unit-test";
		};
		E85B5C3E23A7190D00FCC58A /* WorkoutPlannerAppUITests */ = {
			isa = PBXNativeTarget;
			buildConfigurationList = E85B5C4E23A7190D00FCC58A /* Build configuration list for PBXNativeTarget "WorkoutPlannerAppUITests" */;
			buildPhases = (
				E85B5C3B23A7190D00FCC58A /* Sources */,
				E85B5C3C23A7190D00FCC58A /* Frameworks */,
				E85B5C3D23A7190D00FCC58A /* Resources */,
			);
			buildRules = (
			);
			dependencies = (
				E85B5C4123A7190D00FCC58A /* PBXTargetDependency */,
			);
			name = WorkoutPlannerAppUITests;
			productName = WorkoutPlannerAppUITests;
			productReference = E85B5C3F23A7190D00FCC58A /* WorkoutPlannerAppUITests.xctest */;
			productType = "com.apple.product-type.bundle.ui-testing";
		};
/* End PBXNativeTarget section */

/* Begin PBXProject section */
		E85B5C1623A7190C00FCC58A /* Project object */ = {
			isa = PBXProject;
			attributes = {
				LastSwiftUpdateCheck = 1110;
				LastUpgradeCheck = 1110;
				ORGANIZATIONNAME = "Kevin Vu";
				TargetAttributes = {
					E85B5C1D23A7190C00FCC58A = {
						CreatedOnToolsVersion = 11.1;
					};
					E85B5C3323A7190D00FCC58A = {
						CreatedOnToolsVersion = 11.1;
						TestTargetID = E85B5C1D23A7190C00FCC58A;
					};
					E85B5C3E23A7190D00FCC58A = {
						CreatedOnToolsVersion = 11.1;
						TestTargetID = E85B5C1D23A7190C00FCC58A;
					};
				};
			};
			buildConfigurationList = E85B5C1923A7190C00FCC58A /* Build configuration list for PBXProject "WorkoutPlannerApp" */;
			compatibilityVersion = "Xcode 9.3";
			developmentRegion = en;
			hasScannedForEncodings = 0;
			knownRegions = (
				en,
				Base,
			);
			mainGroup = E85B5C1523A7190C00FCC58A;
			productRefGroup = E85B5C1F23A7190C00FCC58A /* Products */;
			projectDirPath = "";
			projectRoot = "";
			targets = (
				E85B5C1D23A7190C00FCC58A /* WorkoutPlannerApp */,
				E85B5C3323A7190D00FCC58A /* WorkoutPlannerAppTests */,
				E85B5C3E23A7190D00FCC58A /* WorkoutPlannerAppUITests */,
			);
		};
/* End PBXProject section */

/* Begin PBXResourcesBuildPhase section */
		E85B5C1C23A7190C00FCC58A /* Resources */ = {
			isa = PBXResourcesBuildPhase;
			buildActionMask = 2147483647;
			files = (
				E85B5C2E23A7190D00FCC58A /* LaunchScreen.storyboard in Resources */,
				E8BFB75523B547DF008B4E88 /* SF-Pro-Rounded-Medium.otf in Resources */,
				E85B5C2B23A7190D00FCC58A /* Assets.xcassets in Resources */,
				E8BFB76623B9A458008B4E88 /* AddWorkoutViewController.storyboard in Resources */,
				E8BFB75B23B83D09008B4E88 /* Colors.xcassets in Resources */,
				E850015423BA959D004C9A9D /* ExerciseViewController.storyboard in Resources */,
				E8BFB75323B54734008B4E88 /* Cochin.ttc in Resources */,
				E85B5C5E23A928D300FCC58A /* WorkoutViewController.storyboard in Resources */,
			);
			runOnlyForDeploymentPostprocessing = 0;
		};
		E85B5C3223A7190D00FCC58A /* Resources */ = {
			isa = PBXResourcesBuildPhase;
			buildActionMask = 2147483647;
			files = (
			);
			runOnlyForDeploymentPostprocessing = 0;
		};
		E85B5C3D23A7190D00FCC58A /* Resources */ = {
			isa = PBXResourcesBuildPhase;
			buildActionMask = 2147483647;
			files = (
			);
			runOnlyForDeploymentPostprocessing = 0;
		};
/* End PBXResourcesBuildPhase section */

/* Begin PBXSourcesBuildPhase section */
		E85B5C1A23A7190C00FCC58A /* Sources */ = {
			isa = PBXSourcesBuildPhase;
			buildActionMask = 2147483647;
			files = (
				E8BFB74823B52BD4008B4E88 /* UIViewExtensions.swift in Sources */,
				E8BFB76E23BA7938008B4E88 /* ExerciseViewController.swift in Sources */,
				E85B5C5623A7F8C900FCC58A /* WorkoutModel.swift in Sources */,
				E8BFB76423B97E74008B4E88 /* AddWorkoutViewController.swift in Sources */,
				E85B5C6023A9291800FCC58A /* WorkoutViewController.swift in Sources */,
				E85B5C2223A7190C00FCC58A /* AppDelegate.swift in Sources */,
				E8FB71B523C1ADBF006FC404 /* ExerciseTableViewCell.swift in Sources */,
				E85B5C5823A7F9A800FCC58A /* WorkoutFunctions.swift in Sources */,
				E8B15D0A23C69E5A000195E1 /* WorkoutCoreDataModel.xcdatamodeld in Sources */,
				E85B5C2423A7190C00FCC58A /* SceneDelegate.swift in Sources */,
				E8BFB73D23AA655C008B4E88 /* WorkoutTableViewCell.swift in Sources */,
				E85B5C5A23A7FFC900FCC58A /* WorkoutData.swift in Sources */,
				E8BFB75F23B97644008B4E88 /* UIButtonExtension.swift in Sources */,
				E8BFB74523AABAEF008B4E88 /* ExerciseFunctions.swift in Sources */,
				E8BFB74B23B53F30008B4E88 /* Theme.swift in Sources */,
				25C2B3B323D7588C00397E52 /* ExerciseSetModel.swift in Sources */,
				E8BFB74123AAAF68008B4E88 /* ExerciseModel.swift in Sources */,
			);
			runOnlyForDeploymentPostprocessing = 0;
		};
		E85B5C3023A7190D00FCC58A /* Sources */ = {
			isa = PBXSourcesBuildPhase;
			buildActionMask = 2147483647;
			files = (
				E85B5C3923A7190D00FCC58A /* WorkoutPlannerAppTests.swift in Sources */,
			);
			runOnlyForDeploymentPostprocessing = 0;
		};
		E85B5C3B23A7190D00FCC58A /* Sources */ = {
			isa = PBXSourcesBuildPhase;
			buildActionMask = 2147483647;
			files = (
				E85B5C4423A7190D00FCC58A /* WorkoutPlannerAppUITests.swift in Sources */,
			);
			runOnlyForDeploymentPostprocessing = 0;
		};
/* End PBXSourcesBuildPhase section */

/* Begin PBXTargetDependency section */
		E85B5C3623A7190D00FCC58A /* PBXTargetDependency */ = {
			isa = PBXTargetDependency;
			target = E85B5C1D23A7190C00FCC58A /* WorkoutPlannerApp */;
			targetProxy = E85B5C3523A7190D00FCC58A /* PBXContainerItemProxy */;
		};
		E85B5C4123A7190D00FCC58A /* PBXTargetDependency */ = {
			isa = PBXTargetDependency;
			target = E85B5C1D23A7190C00FCC58A /* WorkoutPlannerApp */;
			targetProxy = E85B5C4023A7190D00FCC58A /* PBXContainerItemProxy */;
		};
/* End PBXTargetDependency section */

/* Begin PBXVariantGroup section */
		E85B5C2C23A7190D00FCC58A /* LaunchScreen.storyboard */ = {
			isa = PBXVariantGroup;
			children = (
				E85B5C2D23A7190D00FCC58A /* Base */,
			);
			name = LaunchScreen.storyboard;
			sourceTree = "<group>";
		};
/* End PBXVariantGroup section */

/* Begin XCBuildConfiguration section */
		E85B5C4623A7190D00FCC58A /* Debug */ = {
			isa = XCBuildConfiguration;
			buildSettings = {
				ALWAYS_SEARCH_USER_PATHS = NO;
				CLANG_ANALYZER_NONNULL = YES;
				CLANG_ANALYZER_NUMBER_OBJECT_CONVERSION = YES_AGGRESSIVE;
				CLANG_CXX_LANGUAGE_STANDARD = "gnu++14";
				CLANG_CXX_LIBRARY = "libc++";
				CLANG_ENABLE_MODULES = YES;
				CLANG_ENABLE_OBJC_ARC = YES;
				CLANG_ENABLE_OBJC_WEAK = YES;
				CLANG_WARN_BLOCK_CAPTURE_AUTORELEASING = YES;
				CLANG_WARN_BOOL_CONVERSION = YES;
				CLANG_WARN_COMMA = YES;
				CLANG_WARN_CONSTANT_CONVERSION = YES;
				CLANG_WARN_DEPRECATED_OBJC_IMPLEMENTATIONS = YES;
				CLANG_WARN_DIRECT_OBJC_ISA_USAGE = YES_ERROR;
				CLANG_WARN_DOCUMENTATION_COMMENTS = YES;
				CLANG_WARN_EMPTY_BODY = YES;
				CLANG_WARN_ENUM_CONVERSION = YES;
				CLANG_WARN_INFINITE_RECURSION = YES;
				CLANG_WARN_INT_CONVERSION = YES;
				CLANG_WARN_NON_LITERAL_NULL_CONVERSION = YES;
				CLANG_WARN_OBJC_IMPLICIT_RETAIN_SELF = YES;
				CLANG_WARN_OBJC_LITERAL_CONVERSION = YES;
				CLANG_WARN_OBJC_ROOT_CLASS = YES_ERROR;
				CLANG_WARN_RANGE_LOOP_ANALYSIS = YES;
				CLANG_WARN_STRICT_PROTOTYPES = YES;
				CLANG_WARN_SUSPICIOUS_MOVE = YES;
				CLANG_WARN_UNGUARDED_AVAILABILITY = YES_AGGRESSIVE;
				CLANG_WARN_UNREACHABLE_CODE = YES;
				CLANG_WARN__DUPLICATE_METHOD_MATCH = YES;
				COPY_PHASE_STRIP = NO;
				DEBUG_INFORMATION_FORMAT = dwarf;
				ENABLE_STRICT_OBJC_MSGSEND = YES;
				ENABLE_TESTABILITY = YES;
				GCC_C_LANGUAGE_STANDARD = gnu11;
				GCC_DYNAMIC_NO_PIC = NO;
				GCC_NO_COMMON_BLOCKS = YES;
				GCC_OPTIMIZATION_LEVEL = 0;
				GCC_PREPROCESSOR_DEFINITIONS = (
					"DEBUG=1",
					"$(inherited)",
				);
				GCC_WARN_64_TO_32_BIT_CONVERSION = YES;
				GCC_WARN_ABOUT_RETURN_TYPE = YES_ERROR;
				GCC_WARN_UNDECLARED_SELECTOR = YES;
				GCC_WARN_UNINITIALIZED_AUTOS = YES_AGGRESSIVE;
				GCC_WARN_UNUSED_FUNCTION = YES;
				GCC_WARN_UNUSED_VARIABLE = YES;
				IPHONEOS_DEPLOYMENT_TARGET = 13.1;
				MTL_ENABLE_DEBUG_INFO = INCLUDE_SOURCE;
				MTL_FAST_MATH = YES;
				ONLY_ACTIVE_ARCH = YES;
				SDKROOT = iphoneos;
				SWIFT_ACTIVE_COMPILATION_CONDITIONS = DEBUG;
				SWIFT_OPTIMIZATION_LEVEL = "-Onone";
			};
			name = Debug;
		};
		E85B5C4723A7190D00FCC58A /* Release */ = {
			isa = XCBuildConfiguration;
			buildSettings = {
				ALWAYS_SEARCH_USER_PATHS = NO;
				CLANG_ANALYZER_NONNULL = YES;
				CLANG_ANALYZER_NUMBER_OBJECT_CONVERSION = YES_AGGRESSIVE;
				CLANG_CXX_LANGUAGE_STANDARD = "gnu++14";
				CLANG_CXX_LIBRARY = "libc++";
				CLANG_ENABLE_MODULES = YES;
				CLANG_ENABLE_OBJC_ARC = YES;
				CLANG_ENABLE_OBJC_WEAK = YES;
				CLANG_WARN_BLOCK_CAPTURE_AUTORELEASING = YES;
				CLANG_WARN_BOOL_CONVERSION = YES;
				CLANG_WARN_COMMA = YES;
				CLANG_WARN_CONSTANT_CONVERSION = YES;
				CLANG_WARN_DEPRECATED_OBJC_IMPLEMENTATIONS = YES;
				CLANG_WARN_DIRECT_OBJC_ISA_USAGE = YES_ERROR;
				CLANG_WARN_DOCUMENTATION_COMMENTS = YES;
				CLANG_WARN_EMPTY_BODY = YES;
				CLANG_WARN_ENUM_CONVERSION = YES;
				CLANG_WARN_INFINITE_RECURSION = YES;
				CLANG_WARN_INT_CONVERSION = YES;
				CLANG_WARN_NON_LITERAL_NULL_CONVERSION = YES;
				CLANG_WARN_OBJC_IMPLICIT_RETAIN_SELF = YES;
				CLANG_WARN_OBJC_LITERAL_CONVERSION = YES;
				CLANG_WARN_OBJC_ROOT_CLASS = YES_ERROR;
				CLANG_WARN_RANGE_LOOP_ANALYSIS = YES;
				CLANG_WARN_STRICT_PROTOTYPES = YES;
				CLANG_WARN_SUSPICIOUS_MOVE = YES;
				CLANG_WARN_UNGUARDED_AVAILABILITY = YES_AGGRESSIVE;
				CLANG_WARN_UNREACHABLE_CODE = YES;
				CLANG_WARN__DUPLICATE_METHOD_MATCH = YES;
				COPY_PHASE_STRIP = NO;
				DEBUG_INFORMATION_FORMAT = "dwarf-with-dsym";
				ENABLE_NS_ASSERTIONS = NO;
				ENABLE_STRICT_OBJC_MSGSEND = YES;
				GCC_C_LANGUAGE_STANDARD = gnu11;
				GCC_NO_COMMON_BLOCKS = YES;
				GCC_WARN_64_TO_32_BIT_CONVERSION = YES;
				GCC_WARN_ABOUT_RETURN_TYPE = YES_ERROR;
				GCC_WARN_UNDECLARED_SELECTOR = YES;
				GCC_WARN_UNINITIALIZED_AUTOS = YES_AGGRESSIVE;
				GCC_WARN_UNUSED_FUNCTION = YES;
				GCC_WARN_UNUSED_VARIABLE = YES;
				IPHONEOS_DEPLOYMENT_TARGET = 13.1;
				MTL_ENABLE_DEBUG_INFO = NO;
				MTL_FAST_MATH = YES;
				SDKROOT = iphoneos;
				SWIFT_COMPILATION_MODE = wholemodule;
				SWIFT_OPTIMIZATION_LEVEL = "-O";
				VALIDATE_PRODUCT = YES;
			};
			name = Release;
		};
		E85B5C4923A7190D00FCC58A /* Debug */ = {
			isa = XCBuildConfiguration;
			buildSettings = {
				ASSETCATALOG_COMPILER_APPICON_NAME = AppIcon;
				CODE_SIGN_STYLE = Automatic;
				DEVELOPMENT_TEAM = SR9JU2F547;
				INFOPLIST_FILE = WorkoutPlannerApp/Info.plist;
				LD_RUNPATH_SEARCH_PATHS = (
					"$(inherited)",
					"@executable_path/Frameworks",
				);
				PRODUCT_BUNDLE_IDENTIFIER = com.exampleKV.WorkoutPlannerApp;
				PRODUCT_NAME = "$(TARGET_NAME)";
				SWIFT_VERSION = 5.0;
				TARGETED_DEVICE_FAMILY = "1,2";
			};
			name = Debug;
		};
		E85B5C4A23A7190D00FCC58A /* Release */ = {
			isa = XCBuildConfiguration;
			buildSettings = {
				ASSETCATALOG_COMPILER_APPICON_NAME = AppIcon;
				CODE_SIGN_STYLE = Automatic;
				DEVELOPMENT_TEAM = SR9JU2F547;
				INFOPLIST_FILE = WorkoutPlannerApp/Info.plist;
				LD_RUNPATH_SEARCH_PATHS = (
					"$(inherited)",
					"@executable_path/Frameworks",
				);
				PRODUCT_BUNDLE_IDENTIFIER = com.exampleKV.WorkoutPlannerApp;
				PRODUCT_NAME = "$(TARGET_NAME)";
				SWIFT_VERSION = 5.0;
				TARGETED_DEVICE_FAMILY = "1,2";
			};
			name = Release;
		};
		E85B5C4C23A7190D00FCC58A /* Debug */ = {
			isa = XCBuildConfiguration;
			buildSettings = {
				ALWAYS_EMBED_SWIFT_STANDARD_LIBRARIES = YES;
				BUNDLE_LOADER = "$(TEST_HOST)";
				CODE_SIGN_STYLE = Automatic;
				DEVELOPMENT_TEAM = SR9JU2F547;
				INFOPLIST_FILE = WorkoutPlannerAppTests/Info.plist;
				IPHONEOS_DEPLOYMENT_TARGET = 13.1;
				LD_RUNPATH_SEARCH_PATHS = (
					"$(inherited)",
					"@executable_path/Frameworks",
					"@loader_path/Frameworks",
				);
				PRODUCT_BUNDLE_IDENTIFIER = com.exampleKV.WorkoutPlannerAppTests;
				PRODUCT_NAME = "$(TARGET_NAME)";
				SWIFT_VERSION = 5.0;
				TARGETED_DEVICE_FAMILY = "1,2";
				TEST_HOST = "$(BUILT_PRODUCTS_DIR)/WorkoutPlannerApp.app/WorkoutPlannerApp";
			};
			name = Debug;
		};
		E85B5C4D23A7190D00FCC58A /* Release */ = {
			isa = XCBuildConfiguration;
			buildSettings = {
				ALWAYS_EMBED_SWIFT_STANDARD_LIBRARIES = YES;
				BUNDLE_LOADER = "$(TEST_HOST)";
				CODE_SIGN_STYLE = Automatic;
				DEVELOPMENT_TEAM = SR9JU2F547;
				INFOPLIST_FILE = WorkoutPlannerAppTests/Info.plist;
				IPHONEOS_DEPLOYMENT_TARGET = 13.1;
				LD_RUNPATH_SEARCH_PATHS = (
					"$(inherited)",
					"@executable_path/Frameworks",
					"@loader_path/Frameworks",
				);
				PRODUCT_BUNDLE_IDENTIFIER = com.exampleKV.WorkoutPlannerAppTests;
				PRODUCT_NAME = "$(TARGET_NAME)";
				SWIFT_VERSION = 5.0;
				TARGETED_DEVICE_FAMILY = "1,2";
				TEST_HOST = "$(BUILT_PRODUCTS_DIR)/WorkoutPlannerApp.app/WorkoutPlannerApp";
			};
			name = Release;
		};
		E85B5C4F23A7190D00FCC58A /* Debug */ = {
			isa = XCBuildConfiguration;
			buildSettings = {
				ALWAYS_EMBED_SWIFT_STANDARD_LIBRARIES = YES;
				CODE_SIGN_STYLE = Automatic;
				DEVELOPMENT_TEAM = SR9JU2F547;
				INFOPLIST_FILE = WorkoutPlannerAppUITests/Info.plist;
				LD_RUNPATH_SEARCH_PATHS = (
					"$(inherited)",
					"@executable_path/Frameworks",
					"@loader_path/Frameworks",
				);
				PRODUCT_BUNDLE_IDENTIFIER = com.exampleKV.WorkoutPlannerAppUITests;
				PRODUCT_NAME = "$(TARGET_NAME)";
				SWIFT_VERSION = 5.0;
				TARGETED_DEVICE_FAMILY = "1,2";
				TEST_TARGET_NAME = WorkoutPlannerApp;
			};
			name = Debug;
		};
		E85B5C5023A7190D00FCC58A /* Release */ = {
			isa = XCBuildConfiguration;
			buildSettings = {
				ALWAYS_EMBED_SWIFT_STANDARD_LIBRARIES = YES;
				CODE_SIGN_STYLE = Automatic;
				DEVELOPMENT_TEAM = SR9JU2F547;
				INFOPLIST_FILE = WorkoutPlannerAppUITests/Info.plist;
				LD_RUNPATH_SEARCH_PATHS = (
					"$(inherited)",
					"@executable_path/Frameworks",
					"@loader_path/Frameworks",
				);
				PRODUCT_BUNDLE_IDENTIFIER = com.exampleKV.WorkoutPlannerAppUITests;
				PRODUCT_NAME = "$(TARGET_NAME)";
				SWIFT_VERSION = 5.0;
				TARGETED_DEVICE_FAMILY = "1,2";
				TEST_TARGET_NAME = WorkoutPlannerApp;
			};
			name = Release;
		};
/* End XCBuildConfiguration section */

/* Begin XCConfigurationList section */
		E85B5C1923A7190C00FCC58A /* Build configuration list for PBXProject "WorkoutPlannerApp" */ = {
			isa = XCConfigurationList;
			buildConfigurations = (
				E85B5C4623A7190D00FCC58A /* Debug */,
				E85B5C4723A7190D00FCC58A /* Release */,
			);
			defaultConfigurationIsVisible = 0;
			defaultConfigurationName = Release;
		};
		E85B5C4823A7190D00FCC58A /* Build configuration list for PBXNativeTarget "WorkoutPlannerApp" */ = {
			isa = XCConfigurationList;
			buildConfigurations = (
				E85B5C4923A7190D00FCC58A /* Debug */,
				E85B5C4A23A7190D00FCC58A /* Release */,
			);
			defaultConfigurationIsVisible = 0;
			defaultConfigurationName = Release;
		};
		E85B5C4B23A7190D00FCC58A /* Build configuration list for PBXNativeTarget "WorkoutPlannerAppTests" */ = {
			isa = XCConfigurationList;
			buildConfigurations = (
				E85B5C4C23A7190D00FCC58A /* Debug */,
				E85B5C4D23A7190D00FCC58A /* Release */,
			);
			defaultConfigurationIsVisible = 0;
			defaultConfigurationName = Release;
		};
		E85B5C4E23A7190D00FCC58A /* Build configuration list for PBXNativeTarget "WorkoutPlannerAppUITests" */ = {
			isa = XCConfigurationList;
			buildConfigurations = (
				E85B5C4F23A7190D00FCC58A /* Debug */,
				E85B5C5023A7190D00FCC58A /* Release */,
			);
			defaultConfigurationIsVisible = 0;
			defaultConfigurationName = Release;
		};
/* End XCConfigurationList section */

/* Begin XCVersionGroup section */
		E8B15D0823C69E5A000195E1 /* WorkoutCoreDataModel.xcdatamodeld */ = {
			isa = XCVersionGroup;
			children = (
				E8B15D0923C69E5A000195E1 /* WorkoutCoreDataModel.xcdatamodel */,
			);
			currentVersion = E8B15D0923C69E5A000195E1 /* WorkoutCoreDataModel.xcdatamodel */;
			path = WorkoutCoreDataModel.xcdatamodeld;
			sourceTree = "<group>";
			versionGroupType = wrapper.xcdatamodel;
		};
/* End XCVersionGroup section */
	};
	rootObject = E85B5C1623A7190C00FCC58A /* Project object */;
}
